
Microsoft Visual Studio Solution File, Format Version 12.00
# Visual Studio 15
VisualStudioVersion = 15.0.28010.2046
MinimumVisualStudioVersion = 10.0.40219.1
Project("{8BC9CEB8-8B4A-11D0-8D11-00A0C91BC942}") = "p8", "p8\p8.vcxproj", "{4E663D5F-5F6B-4BFC-A2A8-2B3B34D8B5CC}"
	ProjectSection(ProjectDependencies) = postProject
		{65BA23EE-3CA1-49F8-AC7F-29DE3915C89D} = {65BA23EE-3CA1-49F8-AC7F-29DE3915C89D}
	EndProjectSection
EndProject
Project("{8BC9CEB8-8B4A-11D0-8D11-00A0C91BC942}") = "ej8-4", "ej8-4\ej8-4.vcxproj", "{61F5C3DE-16EA-4B07-85C4-9F725476CFB5}"
	ProjectSection(ProjectDependencies) = postProject
		{65BA23EE-3CA1-49F8-AC7F-29DE3915C89D} = {65BA23EE-3CA1-49F8-AC7F-29DE3915C89D}
	EndProjectSection
EndProject
Project("{8BC9CEB8-8B4A-11D0-8D11-00A0C91BC942}") = "PGUPV", "PGUPV\PGUPV.vcxproj", "{65BA23EE-3CA1-49F8-AC7F-29DE3915C89D}"
EndProject
Project("{8BC9CEB8-8B4A-11D0-8D11-00A0C91BC942}") = "ej8-1", "ej8-1\ej8-1.vcxproj", "{66A9141B-D127-43F4-BE95-028725BB4F37}"
	ProjectSection(ProjectDependencies) = postProject
		{65BA23EE-3CA1-49F8-AC7F-29DE3915C89D} = {65BA23EE-3CA1-49F8-AC7F-29DE3915C89D}
	EndProjectSection
EndProject
Project("{2150E333-8FDC-42A3-9474-1A3956D46DE8}") = "Ejemplos", "Ejemplos", "{6C867E42-F1B8-4831-B84A-A05B22646D54}"
EndProject
Project("{8BC9CEB8-8B4A-11D0-8D11-00A0C91BC942}") = "ej8-3", "ej8-3\ej8-3.vcxproj", "{BA9839DF-2E11-4FF0-AB23-34C2E174DBB6}"
	ProjectSection(ProjectDependencies) = postProject
		{65BA23EE-3CA1-49F8-AC7F-29DE3915C89D} = {65BA23EE-3CA1-49F8-AC7F-29DE3915C89D}
	EndProjectSection
EndProject
Project("{2150E333-8FDC-42A3-9474-1A3956D46DE8}") = "Ejercicios", "Ejercicios", "{E82E44E1-33C2-409B-BDD0-87CEA259DD8B}"
EndProject
Project("{8BC9CEB8-8B4A-11D0-8D11-00A0C91BC942}") = "ej8-2", "ej8-2\ej8-2.vcxproj", "{F39A1E85-CEBF-4AB5-8BFB-CBD70F30E8BB}"
	ProjectSection(ProjectDependencies) = postProject
		{65BA23EE-3CA1-49F8-AC7F-29DE3915C89D} = {65BA23EE-3CA1-49F8-AC7F-29DE3915C89D}
	EndProjectSection
EndProject
Global
	GlobalSection(SolutionConfigurationPlatforms) = preSolution
		Debug|x64 = Debug|x64
		Debug|x86 = Debug|x86
		Release|x64 = Release|x64
		Release|x86 = Release|x86
	EndGlobalSection
	GlobalSection(ProjectConfigurationPlatforms) = postSolution
		{4E663D5F-5F6B-4BFC-A2A8-2B3B34D8B5CC}.Debug|x64.ActiveCfg = Debug|x64
		{4E663D5F-5F6B-4BFC-A2A8-2B3B34D8B5CC}.Debug|x64.Build.0 = Debug|x64
		{4E663D5F-5F6B-4BFC-A2A8-2B3B34D8B5CC}.Debug|x86.ActiveCfg = Debug|Win32
		{4E663D5F-5F6B-4BFC-A2A8-2B3B34D8B5CC}.Debug|x86.Build.0 = Debug|Win32
		{4E663D5F-5F6B-4BFC-A2A8-2B3B34D8B5CC}.Release|x64.ActiveCfg = Release|x64
		{4E663D5F-5F6B-4BFC-A2A8-2B3B34D8B5CC}.Release|x64.Build.0 = Release|x64
		{4E663D5F-5F6B-4BFC-A2A8-2B3B34D8B5CC}.Release|x86.ActiveCfg = Release|Win32
		{4E663D5F-5F6B-4BFC-A2A8-2B3B34D8B5CC}.Release|x86.Build.0 = Release|Win32
		{61F5C3DE-16EA-4B07-85C4-9F725476CFB5}.Debug|x64.ActiveCfg = Debug|x64
		{61F5C3DE-16EA-4B07-85C4-9F725476CFB5}.Debug|x64.Build.0 = Debug|x64
		{61F5C3DE-16EA-4B07-85C4-9F725476CFB5}.Debug|x86.ActiveCfg = Debug|Win32
		{61F5C3DE-16EA-4B07-85C4-9F725476CFB5}.Debug|x86.Build.0 = Debug|Win32
		{61F5C3DE-16EA-4B07-85C4-9F725476CFB5}.Release|x64.ActiveCfg = Release|x64
		{61F5C3DE-16EA-4B07-85C4-9F725476CFB5}.Release|x64.Build.0 = Release|x64
		{61F5C3DE-16EA-4B07-85C4-9F725476CFB5}.Release|x86.ActiveCfg = Release|Win32
		{61F5C3DE-16EA-4B07-85C4-9F725476CFB5}.Release|x86.Build.0 = Release|Win32
		{65BA23EE-3CA1-49F8-AC7F-29DE3915C89D}.Debug|x64.ActiveCfg = Debug|x64
		{65BA23EE-3CA1-49F8-AC7F-29DE3915C89D}.Debug|x64.Build.0 = Debug|x64
		{65BA23EE-3CA1-49F8-AC7F-29DE3915C89D}.Debug|x86.ActiveCfg = Debug|x64
		{65BA23EE-3CA1-49F8-AC7F-29DE3915C89D}.Release|x64.ActiveCfg = Release|x64
		{65BA23EE-3CA1-49F8-AC7F-29DE3915C89D}.Release|x64.Build.0 = Release|x64
		{65BA23EE-3CA1-49F8-AC7F-29DE3915C89D}.Release|x86.ActiveCfg = Release|x64
		{66A9141B-D127-43F4-BE95-028725BB4F37}.Debug|x64.ActiveCfg = Debug|x64
		{66A9141B-D127-43F4-BE95-028725BB4F37}.Debug|x64.Build.0 = Debug|x64
		{66A9141B-D127-43F4-BE95-028725BB4F37}.Debug|x86.ActiveCfg = Debug|Win32
		{66A9141B-D127-43F4-BE95-028725BB4F37}.Debug|x86.Build.0 = Debug|Win32
		{66A9141B-D127-43F4-BE95-028725BB4F37}.Release|x64.ActiveCfg = Release|x64
		{66A9141B-D127-43F4-BE95-028725BB4F37}.Release|x64.Build.0 = Release|x64
		{66A9141B-D127-43F4-BE95-028725BB4F37}.Release|x86.ActiveCfg = Release|Win32
		{66A9141B-D127-43F4-BE95-028725BB4F37}.Release|x86.Build.0 = Release|Win32
		{BA9839DF-2E11-4FF0-AB23-34C2E174DBB6}.Debug|x64.ActiveCfg = Debug|x64
		{BA9839DF-2E11-4FF0-AB23-34C2E174DBB6}.Debug|x64.Build.0 = Debug|x64
		{BA9839DF-2E11-4FF0-AB23-34C2E174DBB6}.Debug|x86.ActiveCfg = Debug|Win32
		{BA9839DF-2E11-4FF0-AB23-34C2E174DBB6}.Debug|x86.Build.0 = Debug|Win32
		{BA9839DF-2E11-4FF0-AB23-34C2E174DBB6}.Release|x64.ActiveCfg = Release|x64
		{BA9839DF-2E11-4FF0-AB23-34C2E174DBB6}.Release|x64.Build.0 = Release|x64
		{BA9839DF-2E11-4FF0-AB23-34C2E174DBB6}.Release|x86.ActiveCfg = Release|Win32
		{BA9839DF-2E11-4FF0-AB23-34C2E174DBB6}.Release|x86.Build.0 = Release|Win32
		{F39A1E85-CEBF-4AB5-8BFB-CBD70F30E8BB}.Debug|x64.ActiveCfg = Debug|x64
		{F39A1E85-CEBF-4AB5-8BFB-CBD70F30E8BB}.Debug|x64.Build.0 = Debug|x64
		{F39A1E85-CEBF-4AB5-8BFB-CBD70F30E8BB}.Debug|x86.ActiveCfg = Debug|Win32
		{F39A1E85-CEBF-4AB5-8BFB-CBD70F30E8BB}.Debug|x86.Build.0 = Debug|Win32
		{F39A1E85-CEBF-4AB5-8BFB-CBD70F30E8BB}.Release|x64.ActiveCfg = Release|x64
		{F39A1E85-CEBF-4AB5-8BFB-CBD70F30E8BB}.Release|x64.Build.0 = Release|x64
		{F39A1E85-CEBF-4AB5-8BFB-CBD70F30E8BB}.Release|x86.ActiveCfg = Release|Win32
		{F39A1E85-CEBF-4AB5-8BFB-CBD70F30E8BB}.Release|x86.Build.0 = Release|Win32
	EndGlobalSection
	GlobalSection(SolutionProperties) = preSolution
		HideSolutionNode = FALSE
	EndGlobalSection
	GlobalSection(NestedProjects) = preSolution
		{4E663D5F-5F6B-4BFC-A2A8-2B3B34D8B5CC} = {E82E44E1-33C2-409B-BDD0-87CEA259DD8B}
		{66A9141B-D127-43F4-BE95-028725BB4F37} = {6C867E42-F1B8-4831-B84A-A05B22646D54}
		{F39A1E85-CEBF-4AB5-8BFB-CBD70F30E8BB} = {6C867E42-F1B8-4831-B84A-A05B22646D54}
		{BA9839DF-2E11-4FF0-AB23-34C2E174DBB6} = {6C867E42-F1B8-4831-B84A-A05B22646D54}
		{61F5C3DE-16EA-4B07-85C4-9F725476CFB5} = {6C867E42-F1B8-4831-B84A-A05B22646D54}
	EndGlobalSection
	GlobalSection(ExtensibilityGlobals) = postSolution
		SolutionGuid = {3BD56D0F-015C-4D14-8EA1-A8EB246E394D}
	EndGlobalSection
EndGlobal
